// !$*UTF8*$!
{
	archiveVersion = 1;
	classes = {
	};
	objectVersion = 46;
	objects = {

/* Begin PBXBuildFile section */
		71D55EB2A61920340C10F2A6 /* Pods_photogram.framework in Frameworks */ = {isa = PBXBuildFile; fileRef = BD9CC37A9169B3CE3A34BA10 /* Pods_photogram.framework */; };
		E025371E1EDD21C9004D49E9 /* GoogleService-Info.plist in Resources */ = {isa = PBXBuildFile; fileRef = E025371D1EDD21C9004D49E9 /* GoogleService-Info.plist */; };
		E052C7851EDE727B008A8511 /* ItemTableViewCell.swift in Sources */ = {isa = PBXBuildFile; fileRef = E052C7841EDE727B008A8511 /* ItemTableViewCell.swift */; };
		E052C7871EDE7394008A8511 /* emoji.png in Resources */ = {isa = PBXBuildFile; fileRef = E052C7861EDE7394008A8511 /* emoji.png */; };
		E0ED83B01EDA721200CF7374 /* AppDelegate.swift in Sources */ = {isa = PBXBuildFile; fileRef = E0ED83AF1EDA721200CF7374 /* AppDelegate.swift */; };
		E0ED83B21EDA721200CF7374 /* ViewController.swift in Sources */ = {isa = PBXBuildFile; fileRef = E0ED83B11EDA721200CF7374 /* ViewController.swift */; };
		E0ED83B51EDA721200CF7374 /* Main.storyboard in Resources */ = {isa = PBXBuildFile; fileRef = E0ED83B31EDA721200CF7374 /* Main.storyboard */; };
		E0ED83B71EDA721200CF7374 /* Assets.xcassets in Resources */ = {isa = PBXBuildFile; fileRef = E0ED83B61EDA721200CF7374 /* Assets.xcassets */; };
		E0ED83BA1EDA721200CF7374 /* LaunchScreen.storyboard in Resources */ = {isa = PBXBuildFile; fileRef = E0ED83B81EDA721200CF7374 /* LaunchScreen.storyboard */; };
		E0ED83C41EDA723F00CF7374 /* LoginViewController.swift in Sources */ = {isa = PBXBuildFile; fileRef = E0ED83C31EDA723F00CF7374 /* LoginViewController.swift */; };
		E0ED83C61EDA724C00CF7374 /* PhotosViewController.swift in Sources */ = {isa = PBXBuildFile; fileRef = E0ED83C51EDA724C00CF7374 /* PhotosViewController.swift */; };
		E0ED83C81EDA727D00CF7374 /* NewPhotoViewController.swift in Sources */ = {isa = PBXBuildFile; fileRef = E0ED83C71EDA727D00CF7374 /* NewPhotoViewController.swift */; };
		E0ED83CA1EDA8D3B00CF7374 /* Post.swift in Sources */ = {isa = PBXBuildFile; fileRef = E0ED83C91EDA8D3B00CF7374 /* Post.swift */; };
		E0ED83CC1EDA8D4200CF7374 /* User.swift in Sources */ = {isa = PBXBuildFile; fileRef = E0ED83CB1EDA8D4200CF7374 /* User.swift */; };
/* End PBXBuildFile section */

/* Begin PBXFileReference section */
		21409D77C0C6D3E6F42BADD8 /* Pods-photogram.release.xcconfig */ = {isa = PBXFileReference; includeInIndex = 1; lastKnownFileType = text.xcconfig; name = "Pods-photogram.release.xcconfig"; path = "Pods/Target Support Files/Pods-photogram/Pods-photogram.release.xcconfig"; sourceTree = "<group>"; };
		67E7B78C84B8EAD95B763587 /* Pods-photogram.debug.xcconfig */ = {isa = PBXFileReference; includeInIndex = 1; lastKnownFileType = text.xcconfig; name = "Pods-photogram.debug.xcconfig"; path = "Pods/Target Support Files/Pods-photogram/Pods-photogram.debug.xcconfig"; sourceTree = "<group>"; };
		BD9CC37A9169B3CE3A34BA10 /* Pods_photogram.framework */ = {isa = PBXFileReference; explicitFileType = wrapper.framework; includeInIndex = 0; path = Pods_photogram.framework; sourceTree = BUILT_PRODUCTS_DIR; };
		E025371D1EDD21C9004D49E9 /* GoogleService-Info.plist */ = {isa = PBXFileReference; fileEncoding = 4; lastKnownFileType = text.plist.xml; path = "GoogleService-Info.plist"; sourceTree = "<group>"; };
		E052C7841EDE727B008A8511 /* ItemTableViewCell.swift */ = {isa = PBXFileReference; fileEncoding = 4; lastKnownFileType = sourcecode.swift; name = ItemTableViewCell.swift; path = ../ItemTableViewCell.swift; sourceTree = "<group>"; };
		E052C7861EDE7394008A8511 /* emoji.png */ = {isa = PBXFileReference; lastKnownFileType = image.png; path = emoji.png; sourceTree = "<group>"; };
		E0ED83AC1EDA721200CF7374 /* photogram.app */ = {isa = PBXFileReference; explicitFileType = wrapper.application; includeInIndex = 0; path = photogram.app; sourceTree = BUILT_PRODUCTS_DIR; };
		E0ED83AF1EDA721200CF7374 /* AppDelegate.swift */ = {isa = PBXFileReference; lastKnownFileType = sourcecode.swift; path = AppDelegate.swift; sourceTree = "<group>"; };
		E0ED83B11EDA721200CF7374 /* ViewController.swift */ = {isa = PBXFileReference; lastKnownFileType = sourcecode.swift; path = ViewController.swift; sourceTree = "<group>"; };
		E0ED83B41EDA721200CF7374 /* Base */ = {isa = PBXFileReference; lastKnownFileType = file.storyboard; name = Base; path = Base.lproj/Main.storyboard; sourceTree = "<group>"; };
		E0ED83B61EDA721200CF7374 /* Assets.xcassets */ = {isa = PBXFileReference; lastKnownFileType = folder.assetcatalog; path = Assets.xcassets; sourceTree = "<group>"; };
		E0ED83B91EDA721200CF7374 /* Base */ = {isa = PBXFileReference; lastKnownFileType = file.storyboard; name = Base; path = Base.lproj/LaunchScreen.storyboard; sourceTree = "<group>"; };
		E0ED83BB1EDA721200CF7374 /* Info.plist */ = {isa = PBXFileReference; lastKnownFileType = text.plist.xml; path = Info.plist; sourceTree = "<group>"; };
		E0ED83C31EDA723F00CF7374 /* LoginViewController.swift */ = {isa = PBXFileReference; fileEncoding = 4; lastKnownFileType = sourcecode.swift; path = LoginViewController.swift; sourceTree = "<group>"; };
		E0ED83C51EDA724C00CF7374 /* PhotosViewController.swift */ = {isa = PBXFileReference; fileEncoding = 4; lastKnownFileType = sourcecode.swift; path = PhotosViewController.swift; sourceTree = "<group>"; };
		E0ED83C71EDA727D00CF7374 /* NewPhotoViewController.swift */ = {isa = PBXFileReference; fileEncoding = 4; lastKnownFileType = sourcecode.swift; path = NewPhotoViewController.swift; sourceTree = "<group>"; };
		E0ED83C91EDA8D3B00CF7374 /* Post.swift */ = {isa = PBXFileReference; fileEncoding = 4; lastKnownFileType = sourcecode.swift; path = Post.swift; sourceTree = "<group>"; };
		E0ED83CB1EDA8D4200CF7374 /* User.swift */ = {isa = PBXFileReference; fileEncoding = 4; lastKnownFileType = sourcecode.swift; path = User.swift; sourceTree = "<group>"; };
/* End PBXFileReference section */

/* Begin PBXFrameworksBuildPhase section */
		E0ED83A91EDA721200CF7374 /* Frameworks */ = {
			isa = PBXFrameworksBuildPhase;
			buildActionMask = 2147483647;
			files = (
				71D55EB2A61920340C10F2A6 /* Pods_photogram.framework in Frameworks */,
			);
			runOnlyForDeploymentPostprocessing = 0;
		};
/* End PBXFrameworksBuildPhase section */

/* Begin PBXGroup section */
		B160639F398906AE8DE443A8 /* Pods */ = {
			isa = PBXGroup;
			children = (
				67E7B78C84B8EAD95B763587 /* Pods-photogram.debug.xcconfig */,
				21409D77C0C6D3E6F42BADD8 /* Pods-photogram.release.xcconfig */,
			);
			name = Pods;
			sourceTree = "<group>";
		};
		B9A20958DFE947E8DBBA0F87 /* Frameworks */ = {
			isa = PBXGroup;
			children = (
				BD9CC37A9169B3CE3A34BA10 /* Pods_photogram.framework */,
			);
			name = Frameworks;
			sourceTree = "<group>";
		};
		E0ED83A31EDA721200CF7374 = {
			isa = PBXGroup;
			children = (
				E0ED83AE1EDA721200CF7374 /* photogram */,
				E0ED83AD1EDA721200CF7374 /* Products */,
				B160639F398906AE8DE443A8 /* Pods */,
				B9A20958DFE947E8DBBA0F87 /* Frameworks */,
			);
			sourceTree = "<group>";
		};
		E0ED83AD1EDA721200CF7374 /* Products */ = {
			isa = PBXGroup;
			children = (
				E0ED83AC1EDA721200CF7374 /* photogram.app */,
			);
			name = Products;
			sourceTree = "<group>";
		};
		E0ED83AE1EDA721200CF7374 /* photogram */ = {
			isa = PBXGroup;
			children = (
				E052C7861EDE7394008A8511 /* emoji.png */,
				E052C7841EDE727B008A8511 /* ItemTableViewCell.swift */,
				E025371D1EDD21C9004D49E9 /* GoogleService-Info.plist */,
				E0ED83C21EDA722C00CF7374 /* Model */,
				E0ED83C11EDA722100CF7374 /* Controllers */,
				E0ED83AF1EDA721200CF7374 /* AppDelegate.swift */,
				E0ED83B11EDA721200CF7374 /* ViewController.swift */,
				E0ED83B31EDA721200CF7374 /* Main.storyboard */,
				E0ED83B61EDA721200CF7374 /* Assets.xcassets */,
				E0ED83B81EDA721200CF7374 /* LaunchScreen.storyboard */,
				E0ED83BB1EDA721200CF7374 /* Info.plist */,
			);
			path = photogram;
			sourceTree = "<group>";
		};
		E0ED83C11EDA722100CF7374 /* Controllers */ = {
			isa = PBXGroup;
			children = (
				E0ED83C31EDA723F00CF7374 /* LoginViewController.swift */,
				E0ED83C51EDA724C00CF7374 /* PhotosViewController.swift */,
				E0ED83C71EDA727D00CF7374 /* NewPhotoViewController.swift */,
			);
			name = Controllers;
			sourceTree = "<group>";
		};
		E0ED83C21EDA722C00CF7374 /* Model */ = {
			isa = PBXGroup;
			children = (
				E0ED83C91EDA8D3B00CF7374 /* Post.swift */,
				E0ED83CB1EDA8D4200CF7374 /* User.swift */,
			);
			name = Model;
			sourceTree = "<group>";
		};
/* End PBXGroup section */

/* Begin PBXNativeTarget section */
		E0ED83AB1EDA721200CF7374 /* photogram */ = {
			isa = PBXNativeTarget;
			buildConfigurationList = E0ED83BE1EDA721200CF7374 /* Build configuration list for PBXNativeTarget "photogram" */;
			buildPhases = (
				5C17F15329A285765CCC161C /* [CP] Check Pods Manifest.lock */,
				E0ED83A81EDA721200CF7374 /* Sources */,
				E0ED83A91EDA721200CF7374 /* Frameworks */,
				E0ED83AA1EDA721200CF7374 /* Resources */,
				4DA0E5BFA18C942F464FB063 /* [CP] Embed Pods Frameworks */,
				9060F891D13E3302F1CC80B8 /* [CP] Copy Pods Resources */,
			);
			buildRules = (
			);
			dependencies = (
			);
			name = photogram;
			productName = photogram;
			productReference = E0ED83AC1EDA721200CF7374 /* photogram.app */;
			productType = "com.apple.product-type.application";
		};
/* End PBXNativeTarget section */

/* Begin PBXProject section */
		E0ED83A41EDA721200CF7374 /* Project object */ = {
			isa = PBXProject;
			attributes = {
				LastSwiftUpdateCheck = 0830;
				LastUpgradeCheck = 0830;
				ORGANIZATIONNAME = "Ashley Donohoe";
				TargetAttributes = {
					E0ED83AB1EDA721200CF7374 = {
						CreatedOnToolsVersion = 8.3.2;
						DevelopmentTeam = LMMQL6UH2F;
						ProvisioningStyle = Automatic;
					};
				};
			};
			buildConfigurationList = E0ED83A71EDA721200CF7374 /* Build configuration list for PBXProject "photogram" */;
			compatibilityVersion = "Xcode 3.2";
			developmentRegion = English;
			hasScannedForEncodings = 0;
			knownRegions = (
				en,
				Base,
			);
			mainGroup = E0ED83A31EDA721200CF7374;
			productRefGroup = E0ED83AD1EDA721200CF7374 /* Products */;
			projectDirPath = "";
			projectRoot = "";
			targets = (
				E0ED83AB1EDA721200CF7374 /* photogram */,
			);
		};
/* End PBXProject section */

/* Begin PBXResourcesBuildPhase section */
		E0ED83AA1EDA721200CF7374 /* Resources */ = {
			isa = PBXResourcesBuildPhase;
			buildActionMask = 2147483647;
			files = (
				E0ED83BA1EDA721200CF7374 /* LaunchScreen.storyboard in Resources */,
				E025371E1EDD21C9004D49E9 /* GoogleService-Info.plist in Resources */,
				E0ED83B71EDA721200CF7374 /* Assets.xcassets in Resources */,
				E0ED83B51EDA721200CF7374 /* Main.storyboard in Resources */,
				E052C7871EDE7394008A8511 /* emoji.png in Resources */,
			);
			runOnlyForDeploymentPostprocessing = 0;
		};
/* End PBXResourcesBuildPhase section */

/* Begin PBXShellScriptBuildPhase section */
		4DA0E5BFA18C942F464FB063 /* [CP] Embed Pods Frameworks */ = {
			isa = PBXShellScriptBuildPhase;
			buildActionMask = 2147483647;
			files = (
			);
			inputPaths = (
			);
			name = "[CP] Embed Pods Frameworks";
			outputPaths = (
			);
			runOnlyForDeploymentPostprocessing = 0;
			shellPath = /bin/sh;
			shellScript = "\"${SRCROOT}/Pods/Target Support Files/Pods-photogram/Pods-photogram-frameworks.sh\"\n";
			showEnvVarsInLog = 0;
		};
		5C17F15329A285765CCC161C /* [CP] Check Pods Manifest.lock */ = {
			isa = PBXShellScriptBuildPhase;
			buildActionMask = 2147483647;
			files = (
			);
			inputPaths = (
			);
			name = "[CP] Check Pods Manifest.lock";
			outputPaths = (
			);
			runOnlyForDeploymentPostprocessing = 0;
			shellPath = /bin/sh;
			shellScript = "diff \"${PODS_PODFILE_DIR_PATH}/Podfile.lock\" \"${PODS_ROOT}/Manifest.lock\" > /dev/null\nif [ $? != 0 ] ; then\n    # print error to STDERR\n    echo \"error: The sandbox is not in sync with the Podfile.lock. Run 'pod install' or update your CocoaPods installation.\" >&2\n    exit 1\nfi\n";
			showEnvVarsInLog = 0;
		};
		9060F891D13E3302F1CC80B8 /* [CP] Copy Pods Resources */ = {
			isa = PBXShellScriptBuildPhase;
			buildActionMask = 2147483647;
			files = (
			);
			inputPaths = (
			);
			name = "[CP] Copy Pods Resources";
			outputPaths = (
			);
			runOnlyForDeploymentPostprocessing = 0;
			shellPath = /bin/sh;
			shellScript = "\"${SRCROOT}/Pods/Target Support Files/Pods-photogram/Pods-photogram-resources.sh\"\n";
			showEnvVarsInLog = 0;
		};
/* End PBXShellScriptBuildPhase section */

/* Begin PBXSourcesBuildPhase section */
		E0ED83A81EDA721200CF7374 /* Sources */ = {
			isa = PBXSourcesBuildPhase;
			buildActionMask = 2147483647;
			files = (
				E0ED83C41EDA723F00CF7374 /* LoginViewController.swift in Sources */,
				E0ED83C61EDA724C00CF7374 /* PhotosViewController.swift in Sources */,
				E0ED83B21EDA721200CF7374 /* ViewController.swift in Sources */,
				E0ED83CA1EDA8D3B00CF7374 /* Post.swift in Sources */,
				E052C7851EDE727B008A8511 /* ItemTableViewCell.swift in Sources */,
				E0ED83C81EDA727D00CF7374 /* NewPhotoViewController.swift in Sources */,
				E0ED83B01EDA721200CF7374 /* AppDelegate.swift in Sources */,
				E0ED83CC1EDA8D4200CF7374 /* User.swift in Sources */,
			);
			runOnlyForDeploymentPostprocessing = 0;
		};
/* End PBXSourcesBuildPhase section */

/* Begin PBXVariantGroup section */
		E0ED83B31EDA721200CF7374 /* Main.storyboard */ = {
			isa = PBXVariantGroup;
			children = (
				E0ED83B41EDA721200CF7374 /* Base */,
			);
			name = Main.storyboard;
			sourceTree = "<group>";
		};
		E0ED83B81EDA721200CF7374 /* LaunchScreen.storyboard */ = {
			isa = PBXVariantGroup;
			children = (
				E0ED83B91EDA721200CF7374 /* Base */,
			);
			name = LaunchScreen.storyboard;
			sourceTree = "<group>";
		};
/* End PBXVariantGroup section */

/* Begin XCBuildConfiguration section */
		E0ED83BC1EDA721200CF7374 /* Debug */ = {
			isa = XCBuildConfiguration;
			buildSettings = {
				ALWAYS_SEARCH_USER_PATHS = NO;
				CLANG_ANALYZER_NONNULL = YES;
				CLANG_ANALYZER_NUMBER_OBJECT_CONVERSION = YES_AGGRESSIVE;
				CLANG_CXX_LANGUAGE_STANDARD = "gnu++0x";
				CLANG_CXX_LIBRARY = "libc++";
				CLANG_ENABLE_MODULES = YES;
				CLANG_ENABLE_OBJC_ARC = YES;
				CLANG_WARN_BOOL_CONVERSION = YES;
				CLANG_WARN_CONSTANT_CONVERSION = YES;
				CLANG_WARN_DIRECT_OBJC_ISA_USAGE = YES_ERROR;
				CLANG_WARN_DOCUMENTATION_COMMENTS = YES;
				CLANG_WARN_EMPTY_BODY = YES;
				CLANG_WARN_ENUM_CONVERSION = YES;
				CLANG_WARN_INFINITE_RECURSION = YES;
				CLANG_WARN_INT_CONVERSION = YES;
				CLANG_WARN_OBJC_ROOT_CLASS = YES_ERROR;
				CLANG_WARN_SUSPICIOUS_MOVE = YES;
				CLANG_WARN_UNREACHABLE_CODE = YES;
				CLANG_WARN__DUPLICATE_METHOD_MATCH = YES;
				"CODE_SIGN_IDENTITY[sdk=iphoneos*]" = "iPhone Developer";
				COPY_PHASE_STRIP = NO;
				DEBUG_INFORMATION_FORMAT = dwarf;
				ENABLE_STRICT_OBJC_MSGSEND = YES;
				ENABLE_TESTABILITY = YES;
				GCC_C_LANGUAGE_STANDARD = gnu99;
				GCC_DYNAMIC_NO_PIC = NO;
				GCC_NO_COMMON_BLOCKS = YES;
				GCC_OPTIMIZATION_LEVEL = 0;
				GCC_PREPROCESSOR_DEFINITIONS = (
					"DEBUG=1",
					"$(inherited)",
				);
				GCC_WARN_64_TO_32_BIT_CONVERSION = YES;
				GCC_WARN_ABOUT_RETURN_TYPE = YES_ERROR;
				GCC_WARN_UNDECLARED_SELECTOR = YES;
				GCC_WARN_UNINITIALIZED_AUTOS = YES_AGGRESSIVE;
				GCC_WARN_UNUSED_FUNCTION = YES;
				GCC_WARN_UNUSED_VARIABLE = YES;
				IPHONEOS_DEPLOYMENT_TARGET = 10.3;
				MTL_ENABLE_DEBUG_INFO = YES;
				ONLY_ACTIVE_ARCH = YES;
				SDKROOT = iphoneos;
				SWIFT_ACTIVE_COMPILATION_CONDITIONS = DEBUG;
				SWIFT_OPTIMIZATION_LEVEL = "-Onone";
				TARGETED_DEVICE_FAMILY = "1,2";
			};
			name = Debug;
		};
		E0ED83BD1EDA721200CF7374 /* Release */ = {
			isa = XCBuildConfiguration;
			buildSettings = {
				ALWAYS_SEARCH_USER_PATHS = NO;
				CLANG_ANALYZER_NONNULL = YES;
				CLANG_ANALYZER_NUMBER_OBJECT_CONVERSION = YES_AGGRESSIVE;
				CLANG_CXX_LANGUAGE_STANDARD = "gnu++0x";
				CLANG_CXX_LIBRARY = "libc++";
				CLANG_ENABLE_MODULES = YES;
				CLANG_ENABLE_OBJC_ARC = YES;
				CLANG_WARN_BOOL_CONVERSION = YES;
				CLANG_WARN_CONSTANT_CONVERSION = YES;
				CLANG_WARN_DIRECT_OBJC_ISA_USAGE = YES_ERROR;
				CLANG_WARN_DOCUMENTATION_COMMENTS = YES;
				CLANG_WARN_EMPTY_BODY = YES;
				CLANG_WARN_ENUM_CONVERSION = YES;
				CLANG_WARN_INFINITE_RECURSION = YES;
				CLANG_WARN_INT_CONVERSION = YES;
				CLANG_WARN_OBJC_ROOT_CLASS = YES_ERROR;
				CLANG_WARN_SUSPICIOUS_MOVE = YES;
				CLANG_WARN_UNREACHABLE_CODE = YES;
				CLANG_WARN__DUPLICATE_METHOD_MATCH = YES;
				"CODE_SIGN_IDENTITY[sdk=iphoneos*]" = "iPhone Developer";
				COPY_PHASE_STRIP = NO;
				DEBUG_INFORMATION_FORMAT = "dwarf-with-dsym";
				ENABLE_NS_ASSERTIONS = NO;
				ENABLE_STRICT_OBJC_MSGSEND = YES;
				GCC_C_LANGUAGE_STANDARD = gnu99;
				GCC_NO_COMMON_BLOCKS = YES;
				GCC_WARN_64_TO_32_BIT_CONVERSION = YES;
				GCC_WARN_ABOUT_RETURN_TYPE = YES_ERROR;
				GCC_WARN_UNDECLARED_SELECTOR = YES;
				GCC_WARN_UNINITIALIZED_AUTOS = YES_AGGRESSIVE;
				GCC_WARN_UNUSED_FUNCTION = YES;
				GCC_WARN_UNUSED_VARIABLE = YES;
				IPHONEOS_DEPLOYMENT_TARGET = 10.3;
				MTL_ENABLE_DEBUG_INFO = NO;
				SDKROOT = iphoneos;
				SWIFT_OPTIMIZATION_LEVEL = "-Owholemodule";
				TARGETED_DEVICE_FAMILY = "1,2";
				VALIDATE_PRODUCT = YES;
			};
			name = Release;
		};
		E0ED83BF1EDA721200CF7374 /* Debug */ = {
			isa = XCBuildConfiguration;
			baseConfigurationReference = 67E7B78C84B8EAD95B763587 /* Pods-photogram.debug.xcconfig */;
			buildSettings = {
				ASSETCATALOG_COMPILER_APPICON_NAME = AppIcon;
				DEVELOPMENT_TEAM = LMMQL6UH2F;
				INFOPLIST_FILE = photogram/Info.plist;
				LD_RUNPATH_SEARCH_PATHS = "$(inherited) @executable_path/Frameworks";
				PRODUCT_BUNDLE_IDENTIFIER = com.ashleydonohoe.photogram;
				PRODUCT_NAME = "$(TARGET_NAME)";
				SWIFT_VERSION = 3.0;
			};
			name = Debug;
		};
		E0ED83C01EDA721200CF7374 /* Release */ = {
			isa = XCBuildConfiguration;
			baseConfigurationReference = 21409D77C0C6D3E6F42BADD8 /* Pods-photogram.release.xcconfig */;
			buildSettings = {
				ASSETCATALOG_COMPILER_APPICON_NAME = AppIcon;
				DEVELOPMENT_TEAM = LMMQL6UH2F;
				INFOPLIST_FILE = photogram/Info.plist;
				LD_RUNPATH_SEARCH_PATHS = "$(inherited) @executable_path/Frameworks";
				PRODUCT_BUNDLE_IDENTIFIER = com.ashleydonohoe.photogram;
				PRODUCT_NAME = "$(TARGET_NAME)";
				SWIFT_VERSION = 3.0;
			};
			name = Release;
		};
/* End XCBuildConfiguration section */

/* Begin XCConfigurationList section */
		E0ED83A71EDA721200CF7374 /* Build configuration list for PBXProject "photogram" */ = {
			isa = XCConfigurationList;
			buildConfigurations = (
				E0ED83BC1EDA721200CF7374 /* Debug */,
				E0ED83BD1EDA721200CF7374 /* Release */,
			);
			defaultConfigurationIsVisible = 0;
			defaultConfigurationName = Release;
		};
		E0ED83BE1EDA721200CF7374 /* Build configuration list for PBXNativeTarget "photogram" */ = {
			isa = XCConfigurationList;
			buildConfigurations = (
				E0ED83BF1EDA721200CF7374 /* Debug */,
				E0ED83C01EDA721200CF7374 /* Release */,
			);
			defaultConfigurationIsVisible = 0;
			defaultConfigurationName = Release;
		};
/* End XCConfigurationList section */
	};
	rootObject = E0ED83A41EDA721200CF7374 /* Project object */;
}
