// !$*UTF8*$!
{
	archiveVersion = 1;
	classes = {
	};
	objectVersion = 46;
	objects = {

/* Begin PBXBuildFile section */
		E0ED83B01EDA721200CF7374 /* AppDelegate.swift in Sources */ = {isa = PBXBuildFile; fileRef = E0ED83AF1EDA721200CF7374 /* AppDelegate.swift */; };
		E0ED83B21EDA721200CF7374 /* ViewController.swift in Sources */ = {isa = PBXBuildFile; fileRef = E0ED83B11EDA721200CF7374 /* ViewController.swift */; };
		E0ED83B51EDA721200CF7374 /* Main.storyboard in Resources */ = {isa = PBXBuildFile; fileRef = E0ED83B31EDA721200CF7374 /* Main.storyboard */; };
		E0ED83B71EDA721200CF7374 /* Assets.xcassets in Resources */ = {isa = PBXBuildFile; fileRef = E0ED83B61EDA721200CF7374 /* Assets.xcassets */; };
		E0ED83BA1EDA721200CF7374 /* LaunchScreen.storyboard in Resources */ = {isa = PBXBuildFile; fileRef = E0ED83B81EDA721200CF7374 /* LaunchScreen.storyboard */; };
/* End PBXBuildFile section */

/* Begin PBXFileReference section */
		E0ED83AC1EDA721200CF7374 /* photogram.app */ = {isa = PBXFileReference; explicitFileType = wrapper.application; includeInIndex = 0; path = photogram.app; sourceTree = BUILT_PRODUCTS_DIR; };
		E0ED83AF1EDA721200CF7374 /* AppDelegate.swift */ = {isa = PBXFileReference; lastKnownFileType = sourcecode.swift; path = AppDelegate.swift; sourceTree = "<group>"; };
		E0ED83B11EDA721200CF7374 /* ViewController.swift */ = {isa = PBXFileReference; lastKnownFileType = sourcecode.swift; path = ViewController.swift; sourceTree = "<group>"; };
		E0ED83B41EDA721200CF7374 /* Base */ = {isa = PBXFileReference; lastKnownFileType = file.storyboard; name = Base; path = Base.lproj/Main.storyboard; sourceTree = "<group>"; };
		E0ED83B61EDA721200CF7374 /* Assets.xcassets */ = {isa = PBXFileReference; lastKnownFileType = folder.assetcatalog; path = Assets.xcassets; sourceTree = "<group>"; };
		E0ED83B91EDA721200CF7374 /* Base */ = {isa = PBXFileReference; lastKnownFileType = file.storyboard; name = Base; path = Base.lproj/LaunchScreen.storyboard; sourceTree = "<group>"; };
		E0ED83BB1EDA721200CF7374 /* Info.plist */ = {isa = PBXFileReference; lastKnownFileType = text.plist.xml; path = Info.plist; sourceTree = "<group>"; };
/* End PBXFileReference section */

/* Begin PBXFrameworksBuildPhase section */
		E0ED83A91EDA721200CF7374 /* Frameworks */ = {
			isa = PBXFrameworksBuildPhase;
			buildActionMask = 2147483647;
			files = (
			);
			runOnlyForDeploymentPostprocessing = 0;
		};
/* End PBXFrameworksBuildPhase section */

/* Begin PBXGroup section */
		E0ED83A31EDA721200CF7374 = {
			isa = PBXGroup;
			children = (
				E0ED83AE1EDA721200CF7374 /* photogram */,
				E0ED83AD1EDA721200CF7374 /* Products */,
			);
			sourceTree = "<group>";
		};
		E0ED83AD1EDA721200CF7374 /* Products */ = {
			isa = PBXGroup;
			children = (
				E0ED83AC1EDA721200CF7374 /* photogram.app */,
			);
			name = Products;
			sourceTree = "<group>";
		};
		E0ED83AE1EDA721200CF7374 /* photogram */ = {
			isa = PBXGroup;
			children = (
				E0ED83AF1EDA721200CF7374 /* AppDelegate.swift */,
				E0ED83B11EDA721200CF7374 /* ViewController.swift */,
				E0ED83B31EDA721200CF7374 /* Main.storyboard */,
				E0ED83B61EDA721200CF7374 /* Assets.xcassets */,
				E0ED83B81EDA721200CF7374 /* LaunchScreen.storyboard */,
				E0ED83BB1EDA721200CF7374 /* Info.plist */,
			);
			path = photogram;
			sourceTree = "<group>";
		};
/* End PBXGroup section */

/* Begin PBXNativeTarget section */
		E0ED83AB1EDA721200CF7374 /* photogram */ = {
			isa = PBXNativeTarget;
			buildConfigurationList = E0ED83BE1EDA721200CF7374 /* Build configuration list for PBXNativeTarget "photogram" */;
			buildPhases = (
				E0ED83A81EDA721200CF7374 /* Sources */,
				E0ED83A91EDA721200CF7374 /* Frameworks */,
				E0ED83AA1EDA721200CF7374 /* Resources */,
			);
			buildRules = (
			);
			dependencies = (
			);
			name = photogram;
			productName = photogram;
			productReference = E0ED83AC1EDA721200CF7374 /* photogram.app */;
			productType = "com.apple.product-type.application";
		};
/* End PBXNativeTarget section */

/* Begin PBXProject section */
		E0ED83A41EDA721200CF7374 /* Project object */ = {
			isa = PBXProject;
			attributes = {
				LastSwiftUpdateCheck = 0830;
				LastUpgradeCheck = 0830;
				ORGANIZATIONNAME = "Ashley Donohoe";
				TargetAttributes = {
					E0ED83AB1EDA721200CF7374 = {
						CreatedOnToolsVersion = 8.3.2;
						DevelopmentTeam = LMMQL6UH2F;
						ProvisioningStyle = Automatic;
					};
				};
			};
			buildConfigurationList = E0ED83A71EDA721200CF7374 /* Build configuration list for PBXProject "photogram" */;
			compatibilityVersion = "Xcode 3.2";
			developmentRegion = English;
			hasScannedForEncodings = 0;
			knownRegions = (
				en,
				Base,
			);
			mainGroup = E0ED83A31EDA721200CF7374;
			productRefGroup = E0ED83AD1EDA721200CF7374 /* Products */;
			projectDirPath = "";
			projectRoot = "";
			targets = (
				E0ED83AB1EDA721200CF7374 /* photogram */,
			);
		};
/* End PBXProject section */

/* Begin PBXResourcesBuildPhase section */
		E0ED83AA1EDA721200CF7374 /* Resources */ = {
			isa = PBXResourcesBuildPhase;
			buildActionMask = 2147483647;
			files = (
				E0ED83BA1EDA721200CF7374 /* LaunchScreen.storyboard in Resources */,
				E0ED83B71EDA721200CF7374 /* Assets.xcassets in Resources */,
				E0ED83B51EDA721200CF7374 /* Main.storyboard in Resources */,
			);
			runOnlyForDeploymentPostprocessing = 0;
		};
/* End PBXResourcesBuildPhase section */

/* Begin PBXSourcesBuildPhase section */
		E0ED83A81EDA721200CF7374 /* Sources */ = {
			isa = PBXSourcesBuildPhase;
			buildActionMask = 2147483647;
			files = (
				E0ED83B21EDA721200CF7374 /* ViewController.swift in Sources */,
				E0ED83B01EDA721200CF7374 /* AppDelegate.swift in Sources */,
			);
			runOnlyForDeploymentPostprocessing = 0;
		};
/* End PBXSourcesBuildPhase section */

/* Begin PBXVariantGroup section */
		E0ED83B31EDA721200CF7374 /* Main.storyboard */ = {
			isa = PBXVariantGroup;
			children = (
				E0ED83B41EDA721200CF7374 /* Base */,
			);
			name = Main.storyboard;
			sourceTree = "<group>";
		};
		E0ED83B81EDA721200CF7374 /* LaunchScreen.storyboard */ = {
			isa = PBXVariantGroup;
			children = (
				E0ED83B91EDA721200CF7374 /* Base */,
			);
			name = LaunchScreen.storyboard;
			sourceTree = "<group>";
		};
/* End PBXVariantGroup section */

/* Begin XCBuildConfiguration section */
		E0ED83BC1EDA721200CF7374 /* Debug */ = {
			isa = XCBuildConfiguration;
			buildSettings = {
				ALWAYS_SEARCH_USER_PATHS = NO;
				CLANG_ANALYZER_NONNULL = YES;
				CLANG_ANALYZER_NUMBER_OBJECT_CONVERSION = YES_AGGRESSIVE;
				CLANG_CXX_LANGUAGE_STANDARD = "gnu++0x";
				CLANG_CXX_LIBRARY = "libc++";
				CLANG_ENABLE_MODULES = YES;
				CLANG_ENABLE_OBJC_ARC = YES;
				CLANG_WARN_BOOL_CONVERSION = YES;
				CLANG_WARN_CONSTANT_CONVERSION = YES;
				CLANG_WARN_DIRECT_OBJC_ISA_USAGE = YES_ERROR;
				CLANG_WARN_DOCUMENTATION_COMMENTS = YES;
				CLANG_WARN_EMPTY_BODY = YES;
				CLANG_WARN_ENUM_CONVERSION = YES;
				CLANG_WARN_INFINITE_RECURSION = YES;
				CLANG_WARN_INT_CONVERSION = YES;
				CLANG_WARN_OBJC_ROOT_CLASS = YES_ERROR;
				CLANG_WARN_SUSPICIOUS_MOVE = YES;
				CLANG_WARN_UNREACHABLE_CODE = YES;
				CLANG_WARN__DUPLICATE_METHOD_MATCH = YES;
				"CODE_SIGN_IDENTITY[sdk=iphoneos*]" = "iPhone Developer";
				COPY_PHASE_STRIP = NO;
				DEBUG_INFORMATION_FORMAT = dwarf;
				ENABLE_STRICT_OBJC_MSGSEND = YES;
				ENABLE_TESTABILITY = YES;
				GCC_C_LANGUAGE_STANDARD = gnu99;
				GCC_DYNAMIC_NO_PIC = NO;
				GCC_NO_COMMON_BLOCKS = YES;
				GCC_OPTIMIZATION_LEVEL = 0;
				GCC_PREPROCESSOR_DEFINITIONS = (
					"DEBUG=1",
					"$(inherited)",
				);
				GCC_WARN_64_TO_32_BIT_CONVERSION = YES;
				GCC_WARN_ABOUT_RETURN_TYPE = YES_ERROR;
				GCC_WARN_UNDECLARED_SELECTOR = YES;
				GCC_WARN_UNINITIALIZED_AUTOS = YES_AGGRESSIVE;
				GCC_WARN_UNUSED_FUNCTION = YES;
				GCC_WARN_UNUSED_VARIABLE = YES;
				IPHONEOS_DEPLOYMENT_TARGET = 10.3;
				MTL_ENABLE_DEBUG_INFO = YES;
				ONLY_ACTIVE_ARCH = YES;
				SDKROOT = iphoneos;
				SWIFT_ACTIVE_COMPILATION_CONDITIONS = DEBUG;
				SWIFT_OPTIMIZATION_LEVEL = "-Onone";
				TARGETED_DEVICE_FAMILY = "1,2";
			};
			name = Debug;
		};
		E0ED83BD1EDA721200CF7374 /* Release */ = {
			isa = XCBuildConfiguration;
			buildSettings = {
				ALWAYS_SEARCH_USER_PATHS = NO;
				CLANG_ANALYZER_NONNULL = YES;
				CLANG_ANALYZER_NUMBER_OBJECT_CONVERSION = YES_AGGRESSIVE;
				CLANG_CXX_LANGUAGE_STANDARD = "gnu++0x";
				CLANG_CXX_LIBRARY = "libc++";
				CLANG_ENABLE_MODULES = YES;
				CLANG_ENABLE_OBJC_ARC = YES;
				CLANG_WARN_BOOL_CONVERSION = YES;
				CLANG_WARN_CONSTANT_CONVERSION = YES;
				CLANG_WARN_DIRECT_OBJC_ISA_USAGE = YES_ERROR;
				CLANG_WARN_DOCUMENTATION_COMMENTS = YES;
				CLANG_WARN_EMPTY_BODY = YES;
				CLANG_WARN_ENUM_CONVERSION = YES;
				CLANG_WARN_INFINITE_RECURSION = YES;
				CLANG_WARN_INT_CONVERSION = YES;
				CLANG_WARN_OBJC_ROOT_CLASS = YES_ERROR;
				CLANG_WARN_SUSPICIOUS_MOVE = YES;
				CLANG_WARN_UNREACHABLE_CODE = YES;
				CLANG_WARN__DUPLICATE_METHOD_MATCH = YES;
				"CODE_SIGN_IDENTITY[sdk=iphoneos*]" = "iPhone Developer";
				COPY_PHASE_STRIP = NO;
				DEBUG_INFORMATION_FORMAT = "dwarf-with-dsym";
				ENABLE_NS_ASSERTIONS = NO;
				ENABLE_STRICT_OBJC_MSGSEND = YES;
				GCC_C_LANGUAGE_STANDARD = gnu99;
				GCC_NO_COMMON_BLOCKS = YES;
				GCC_WARN_64_TO_32_BIT_CONVERSION = YES;
				GCC_WARN_ABOUT_RETURN_TYPE = YES_ERROR;
				GCC_WARN_UNDECLARED_SELECTOR = YES;
				GCC_WARN_UNINITIALIZED_AUTOS = YES_AGGRESSIVE;
				GCC_WARN_UNUSED_FUNCTION = YES;
				GCC_WARN_UNUSED_VARIABLE = YES;
				IPHONEOS_DEPLOYMENT_TARGET = 10.3;
				MTL_ENABLE_DEBUG_INFO = NO;
				SDKROOT = iphoneos;
				SWIFT_OPTIMIZATION_LEVEL = "-Owholemodule";
				TARGETED_DEVICE_FAMILY = "1,2";
				VALIDATE_PRODUCT = YES;
			};
			name = Release;
		};
		E0ED83BF1EDA721200CF7374 /* Debug */ = {
			isa = XCBuildConfiguration;
			buildSettings = {
				ASSETCATALOG_COMPILER_APPICON_NAME = AppIcon;
				DEVELOPMENT_TEAM = LMMQL6UH2F;
				INFOPLIST_FILE = photogram/Info.plist;
				LD_RUNPATH_SEARCH_PATHS = "$(inherited) @executable_path/Frameworks";
				PRODUCT_BUNDLE_IDENTIFIER = com.ashleydonohoe.photogram;
				PRODUCT_NAME = "$(TARGET_NAME)";
				SWIFT_VERSION = 3.0;
			};
			name = Debug;
		};
		E0ED83C01EDA721200CF7374 /* Release */ = {
			isa = XCBuildConfiguration;
			buildSettings = {
				ASSETCATALOG_COMPILER_APPICON_NAME = AppIcon;
				DEVELOPMENT_TEAM = LMMQL6UH2F;
				INFOPLIST_FILE = photogram/Info.plist;
				LD_RUNPATH_SEARCH_PATHS = "$(inherited) @executable_path/Frameworks";
				PRODUCT_BUNDLE_IDENTIFIER = com.ashleydonohoe.photogram;
				PRODUCT_NAME = "$(TARGET_NAME)";
				SWIFT_VERSION = 3.0;
			};
			name = Release;
		};
/* End XCBuildConfiguration section */

/* Begin XCConfigurationList section */
		E0ED83A71EDA721200CF7374 /* Build configuration list for PBXProject "photogram" */ = {
			isa = XCConfigurationList;
			buildConfigurations = (
				E0ED83BC1EDA721200CF7374 /* Debug */,
				E0ED83BD1EDA721200CF7374 /* Release */,
			);
			defaultConfigurationIsVisible = 0;
			defaultConfigurationName = Release;
		};
		E0ED83BE1EDA721200CF7374 /* Build configuration list for PBXNativeTarget "photogram" */ = {
			isa = XCConfigurationList;
			buildConfigurations = (
				E0ED83BF1EDA721200CF7374 /* Debug */,
				E0ED83C01EDA721200CF7374 /* Release */,
			);
			defaultConfigurationIsVisible = 0;
		};
/* End XCConfigurationList section */
	};
	rootObject = E0ED83A41EDA721200CF7374 /* Project object */;
}
